// !$*UTF8*$!
{
	archiveVersion = 1;
	classes = {
	};
	objectVersion = 77;
	objects = {

/* Begin PBXBuildFile section */
		A1B2C3D62F8052650025D5B2 /* GoogleSignIn in Frameworks */ = {isa = PBXBuildFile; productRef = A1B2C3D52F8052650025D5B2 /* GoogleSignIn */; };
/* End PBXBuildFile section */

/* Begin PBXContainerItemProxy section */
		DFE18E652F8052650025D5B2 /* PBXContainerItemProxy */ = {
			isa = PBXContainerItemProxy;
			containerPortal = DFE18E4C2F80525D0025D5B2 /* Project object */;
			proxyType = 1;
			remoteGlobalIDString = DFE18E532F80525D0025D5B2;
			remoteInfo = Lyka;
		};
		DFE18E6F2F8052650025D5B2 /* PBXContainerItemProxy */ = {
			isa = PBXContainerItemProxy;
			containerPortal = DFE18E4C2F80525D0025D5B2 /* Project object */;
			proxyType = 1;
			remoteGlobalIDString = DFE18E532F80525D0025D5B2;
			remoteInfo = Lyka;
		};
/* End PBXContainerItemProxy section */

/* Begin PBXFileReference section */
		DFE18E542F80525D0025D5B2 /* Lyka.app */ = {isa = PBXFileReference; explicitFileType = wrapper.application; includeInIndex = 0; path = Lyka.app; sourceTree = BUILT_PRODUCTS_DIR; };
		DFE18E642F8052650025D5B2 /* LykaTests.xctest */ = {isa = PBXFileReference; explicitFileType = wrapper.cfbundle; includeInIndex = 0; path = LykaTests.xctest; sourceTree = BUILT_PRODUCTS_DIR; };
		DFE18E6E2F8052650025D5B2 /* LykaUITests.xctest */ = {isa = PBXFileReference; explicitFileType = wrapper.cfbundle; includeInIndex = 0; path = LykaUITests.xctest; sourceTree = BUILT_PRODUCTS_DIR; };
/* End PBXFileReference section */

/* Begin PBXFileSystemSynchronizedRootGroup section */
		DFE18E562F80525D0025D5B2 /* Lyka */ = {
			isa = PBXFileSystemSynchronizedRootGroup;
			path = Lyka;
			sourceTree = "<group>";
		};
		DFE18E672F8052650025D5B2 /* LykaTests */ = {
			isa = PBXFileSystemSynchronizedRootGroup;
			path = LykaTests;
			sourceTree = "<group>";
		};
		DFE18E712F8052650025D5B2 /* LykaUITests */ = {
			isa = PBXFileSystemSynchronizedRootGroup;
			path = LykaUITests;
			sourceTree = "<group>";
		};
/* End PBXFileSystemSynchronizedRootGroup section */

/* Begin PBXFrameworksBuildPhase section */
		DFE18E512F80525D0025D5B2 /* Frameworks */ = {
			isa = PBXFrameworksBuildPhase;
			buildActionMask = 2147483647;
			files = (
				A1B2C3D62F8052650025D5B2 /* GoogleSignIn in Frameworks */,
			);
			runOnlyForDeploymentPostprocessing = 0;
		};
		DFE18E612F8052650025D5B2 /* Frameworks */ = {
			isa = PBXFrameworksBuildPhase;
			buildActionMask = 2147483647;
			files = (
			);
			runOnlyForDeploymentPostprocessing = 0;
		};
		DFE18E6B2F8052650025D5B2 /* Frameworks */ = {
			isa = PBXFrameworksBuildPhase;
			buildActionMask = 2147483647;
			files = (
			);
			runOnlyForDeploymentPostprocessing = 0;
		};
/* End PBXFrameworksBuildPhase section */

/* Begin PBXGroup section */
		DFE18E4B2F80525D0025D5B2 = {
			isa = PBXGroup;
			children = (
				DFE18E562F80525D0025D5B2 /* Lyka */,
				DFE18E672F8052650025D5B2 /* LykaTests */,
				DFE18E712F8052650025D5B2 /* LykaUITests */,
				DFE18E552F80525D0025D5B2 /* Products */,
			);
			sourceTree = "<group>";
		};
		DFE18E552F80525D0025D5B2 /* Products */ = {
			isa = PBXGroup;
			children = (
				DFE18E542F80525D0025D5B2 /* Lyka.app */,
				DFE18E642F8052650025D5B2 /* LykaTests.xctest */,
				DFE18E6E2F8052650025D5B2 /* LykaUITests.xctest */,
			);
			name = Products;
			sourceTree = "<group>";
		};
/* End PBXGroup section */

/* Begin PBXNativeTarget section */
		DFE18E532F80525D0025D5B2 /* Lyka */ = {
			isa = PBXNativeTarget;
			buildConfigurationList = DFE18E782F8052650025D5B2 /* Build configuration list for PBXNativeTarget "Lyka" */;
			buildPhases = (
				DFE18E502F80525D0025D5B2 /* Sources */,
				DFE18E512F80525D0025D5B2 /* Frameworks */,
				DFE18E522F80525D0025D5B2 /* Resources */,
			);
			buildRules = (
			);
			dependencies = (
			);
			fileSystemSynchronizedGroups = (
				DFE18E562F80525D0025D5B2 /* Lyka */,
			);
			name = Lyka;
			packageProductDependencies = (
				A1B2C3D52F8052650025D5B2 /* GoogleSignIn */,
			);
			productName = Lyka;
			productReference = DFE18E542F80525D0025D5B2 /* Lyka.app */;
			productType = "com.apple.product-type.application";
		};
		DFE18E632F8052650025D5B2 /* LykaTests */ = {
			isa = PBXNativeTarget;
			buildConfigurationList = DFE18E7B2F8052650025D5B2 /* Build configuration list for PBXNativeTarget "LykaTests" */;
			buildPhases = (
				DFE18E602F8052650025D5B2 /* Sources */,
				DFE18E612F8052650025D5B2 /* Frameworks */,
				DFE18E622F8052650025D5B2 /* Resources */,
			);
			buildRules = (
			);
			dependencies = (
				DFE18E662F8052650025D5B2 /* PBXTargetDependency */,
			);
			fileSystemSynchronizedGroups = (
				DFE18E672F8052650025D5B2 /* LykaTests */,
			);
			name = LykaTests;
			packageProductDependencies = (
			);
			productName = LykaTests;
			productReference = DFE18E642F8052650025D5B2 /* LykaTests.xctest */;
			productType = "com.apple.product-type.bundle.unit-test";
		};
		DFE18E6D2F8052650025D5B2 /* LykaUITests */ = {
			isa = PBXNativeTarget;
			buildConfigurationList = DFE18E7E2F8052650025D5B2 /* Build configuration list for PBXNativeTarget "LykaUITests" */;
			buildPhases = (
				DFE18E6A2F8052650025D5B2 /* Sources */,
				DFE18E6B2F8052650025D5B2 /* Frameworks */,
				DFE18E6C2F8052650025D5B2 /* Resources */,
			);
			buildRules = (
			);
			dependencies = (
				DFE18E702F8052650025D5B2 /* PBXTargetDependency */,
			);
			fileSystemSynchronizedGroups = (
				DFE18E712F8052650025D5B2 /* LykaUITests */,
			);
			name = LykaUITests;
			packageProductDependencies = (
			);
			productName = LykaUITests;
			productReference = DFE18E6E2F8052650025D5B2 /* LykaUITests.xctest */;
			productType = "com.apple.product-type.bundle.ui-testing";
		};
/* End PBXNativeTarget section */

/* Begin PBXProject section */
		DFE18E4C2F80525D0025D5B2 /* Project object */ = {
			isa = PBXProject;
			attributes = {
				BuildIndependentTargetsInParallel = 1;
				LastSwiftUpdateCheck = 1600;
				LastUpgradeCheck = 1600;
				TargetAttributes = {
					DFE18E532F80525D0025D5B2 = {
						CreatedOnToolsVersion = 16.0;
					};
					DFE18E632F8052650025D5B2 = {
						CreatedOnToolsVersion = 16.0;
						TestTargetID = DFE18E532F80525D0025D5B2;
					};
					DFE18E6D2F8052650025D5B2 = {
						CreatedOnToolsVersion = 16.0;
						TestTargetID = DFE18E532F80525D0025D5B2;
					};
				};
			};
			buildConfigurationList = DFE18E4F2F80525D0025D5B2 /* Build configuration list for PBXProject "Lyka" */;
			developmentRegion = en;
			hasScannedForEncodings = 0;
			knownRegions = (
				en,
				Base,
			);
			mainGroup = DFE18E4B2F80525D0025D5B2;
			minimizedProjectReferenceProxies = 1;
			packageReferences = (
				A1B2C3D42F8052650025D5B2 /* XCRemoteSwiftPackageReference "GoogleSignIn-iOS" */,
			);
			preferredProjectObjectVersion = 77;
			productRefGroup = DFE18E552F80525D0025D5B2 /* Products */;
			projectDirPath = "";
			projectRoot = "";
			targets = (
				DFE18E532F80525D0025D5B2 /* Lyka */,
				DFE18E632F8052650025D5B2 /* LykaTests */,
				DFE18E6D2F8052650025D5B2 /* LykaUITests */,
			);
		};
/* End PBXProject section */

/* Begin PBXResourcesBuildPhase section */
		DFE18E522F80525D0025D5B2 /* Resources */ = {
			isa = PBXResourcesBuildPhase;
			buildActionMask = 2147483647;
			files = (
			);
			runOnlyForDeploymentPostprocessing = 0;
		};
		DFE18E622F8052650025D5B2 /* Resources */ = {
			isa = PBXResourcesBuildPhase;
			buildActionMask = 2147483647;
			files = (
			);
			runOnlyForDeploymentPostprocessing = 0;
		};
		DFE18E6C2F8052650025D5B2 /* Resources */ = {
			isa = PBXResourcesBuildPhase;
			buildActionMask = 2147483647;
			files = (
			);
			runOnlyForDeploymentPostprocessing = 0;
		};
/* End PBXResourcesBuildPhase section */

/* Begin PBXSourcesBuildPhase section */
		DFE18E502F80525D0025D5B2 /* Sources */ = {
			isa = PBXSourcesBuildPhase;
			buildActionMask = 2147483647;
			files = (
			);
			runOnlyForDeploymentPostprocessing = 0;
		};
		DFE18E602F8052650025D5B2 /* Sources */ = {
			isa = PBXSourcesBuildPhase;
			buildActionMask = 2147483647;
			files = (
			);
			runOnlyForDeploymentPostprocessing = 0;
		};
		DFE18E6A2F8052650025D5B2 /* Sources */ = {
			isa = PBXSourcesBuildPhase;
			buildActionMask = 2147483647;
			files = (
			);
			runOnlyForDeploymentPostprocessing = 0;
		};
/* End PBXSourcesBuildPhase section */

/* Begin PBXTargetDependency section */
		DFE18E662F8052650025D5B2 /* PBXTargetDependency */ = {
			isa = PBXTargetDependency;
			target = DFE18E532F80525D0025D5B2 /* Lyka */;
			targetProxy = DFE18E652F8052650025D5B2 /* PBXContainerItemProxy */;
		};
		DFE18E702F8052650025D5B2 /* PBXTargetDependency */ = {
			isa = PBXTargetDependency;
			target = DFE18E532F80525D0025D5B2 /* Lyka */;
			targetProxy = DFE18E6F2F8052650025D5B2 /* PBXContainerItemProxy */;
		};
/* End PBXTargetDependency section */

/* Begin XCBuildConfiguration section */
		DFE18E762F8052650025D5B2 /* Debug */ = {
			isa = XCBuildConfiguration;
			buildSettings = {
				ALWAYS_SEARCH_USER_PATHS = NO;
				ASSETCATALOG_COMPILER_GENERATE_SWIFT_ASSET_SYMBOL_EXTENSIONS = YES;
				CLANG_ANALYZER_NONNULL = YES;
				CLANG_ANALYZER_NUMBER_OBJECT_CONVERSION = YES_AGGRESSIVE;
				CLANG_CXX_LANGUAGE_STANDARD = "gnu++20";
				CLANG_ENABLE_MODULES = YES;
				CLANG_ENABLE_OBJC_ARC = YES;
				CLANG_ENABLE_OBJC_WEAK = YES;
				CLANG_WARN_BLOCK_CAPTURE_AUTORELEASING = YES;
				CLANG_WARN_BOOL_CONVERSION = YES;
				CLANG_WARN_COMMA = YES;
				CLANG_WARN_CONSTANT_CONVERSION = YES;
				CLANG_WARN_DEPRECATED_OBJC_IMPLEMENTATIONS = YES;
				CLANG_WARN_DIRECT_OBJC_ISA_USAGE = YES_ERROR;
				CLANG_WARN_DOCUMENTATION_COMMENTS = YES;
				CLANG_WARN_EMPTY_BODY = YES;
				CLANG_WARN_ENUM_CONVERSION = YES;
				CLANG_WARN_INFINITE_RECURSION = YES;
				CLANG_WARN_INT_CONVERSION = YES;
				CLANG_WARN_NON_LITERAL_NULL_CONVERSION = YES;
				CLANG_WARN_OBJC_IMPLICIT_RETAIN_SELF = YES;
				CLANG_WARN_OBJC_LITERAL_CONVERSION = YES;
				CLANG_WARN_OBJC_ROOT_CLASS = YES_ERROR;
				CLANG_WARN_QUOTED_INCLUDE_IN_FRAMEWORK_HEADER = YES;
				CLANG_WARN_RANGE_LOOP_ANALYSIS = YES;
				CLANG_WARN_STRICT_PROTOTYPES = YES;
				CLANG_WARN_SUSPICIOUS_MOVE = YES;
				CLANG_WARN_UNGUARDED_AVAILABILITY = YES_AGGRESSIVE;
				CLANG_WARN_UNREACHABLE_CODE = YES;
				CLANG_WARN__DUPLICATE_METHOD_MATCH = YES;
				COPY_PHASE_STRIP = NO;
				DEBUG_INFORMATION_FORMAT = dwarf;
				ENABLE_STRICT_OBJC_MSGSEND = YES;
				ENABLE_TESTABILITY = YES;
				ENABLE_USER_SCRIPT_SANDBOXING = YES;
				GCC_C_LANGUAGE_STANDARD = gnu17;
				GCC_DYNAMIC_NO_PIC = NO;
				GCC_NO_COMMON_BLOCKS = YES;
				GCC_OPTIMIZATION_LEVEL = 0;
				GCC_PREPROCESSOR_DEFINITIONS = (
					"DEBUG=1",
					"$(inherited)",
				);
				GCC_WARN_64_TO_32_BIT_CONVERSION = YES;
				GCC_WARN_ABOUT_RETURN_TYPE = YES_ERROR;
				GCC_WARN_UNDECLARED_SELECTOR = YES;
				GCC_WARN_UNINITIALIZED_AUTOS = YES_AGGRESSIVE;
				GCC_WARN_UNUSED_FUNCTION = YES;
				GCC_WARN_UNUSED_VARIABLE = YES;
				IPHONEOS_DEPLOYMENT_TARGET = 18.0;
				LOCALIZATION_PREFERS_STRING_CATALOGS = YES;
				MTL_ENABLE_DEBUG_INFO = INCLUDE_SOURCE;
				MTL_FAST_MATH = YES;
				ONLY_ACTIVE_ARCH = YES;
				SDKROOT = iphoneos;
				SWIFT_ACTIVE_COMPILATION_CONDITIONS = "DEBUG $(inherited)";
				SWIFT_OPTIMIZATION_LEVEL = "-Onone";
			};
			name = Debug;
		};
		DFE18E772F8052650025D5B2 /* Release */ = {
			isa = XCBuildConfiguration;
			buildSettings = {
				ALWAYS_SEARCH_USER_PATHS = NO;
				ASSETCATALOG_COMPILER_GENERATE_SWIFT_ASSET_SYMBOL_EXTENSIONS = YES;
				CLANG_ANALYZER_NONNULL = YES;
				CLANG_ANALYZER_NUMBER_OBJECT_CONVERSION = YES_AGGRESSIVE;
				CLANG_CXX_LANGUAGE_STANDARD = "gnu++20";
				CLANG_ENABLE_MODULES = YES;
				CLANG_ENABLE_OBJC_ARC = YES;
				CLANG_ENABLE_OBJC_WEAK = YES;
				CLANG_WARN_BLOCK_CAPTURE_AUTORELEASING = YES;
				CLANG_WARN_BOOL_CONVERSION = YES;
				CLANG_WARN_COMMA = YES;
				CLANG_WARN_CONSTANT_CONVERSION = YES;
				CLANG_WARN_DEPRECATED_OBJC_IMPLEMENTATIONS = YES;
				CLANG_WARN_DIRECT_OBJC_ISA_USAGE = YES_ERROR;
				CLANG_WARN_DOCUMENTATION_COMMENTS = YES;
				CLANG_WARN_EMPTY_BODY = YES;
				CLANG_WARN_ENUM_CONVERSION = YES;
				CLANG_WARN_INFINITE_RECURSION = YES;
				CLANG_WARN_INT_CONVERSION = YES;
				CLANG_WARN_NON_LITERAL_NULL_CONVERSION = YES;
				CLANG_WARN_OBJC_IMPLICIT_RETAIN_SELF = YES;
				CLANG_WARN_OBJC_LITERAL_CONVERSION = YES;
				CLANG_WARN_OBJC_ROOT_CLASS = YES_ERROR;
				CLANG_WARN_QUOTED_INCLUDE_IN_FRAMEWORK_HEADER = YES;
				CLANG_WARN_RANGE_LOOP_ANALYSIS = YES;
				CLANG_WARN_STRICT_PROTOTYPES = YES;
				CLANG_WARN_SUSPICIOUS_MOVE = YES;
				CLANG_WARN_UNGUARDED_AVAILABILITY = YES_AGGRESSIVE;
				CLANG_WARN_UNREACHABLE_CODE = YES;
				CLANG_WARN__DUPLICATE_METHOD_MATCH = YES;
				COPY_PHASE_STRIP = NO;
				DEBUG_INFORMATION_FORMAT = "dwarf-with-dsym";
				ENABLE_NS_ASSERTIONS = NO;
				ENABLE_STRICT_OBJC_MSGSEND = YES;
				ENABLE_USER_SCRIPT_SANDBOXING = YES;
				GCC_C_LANGUAGE_STANDARD = gnu17;
				GCC_NO_COMMON_BLOCKS = YES;
				GCC_WARN_64_TO_32_BIT_CONVERSION = YES;
				GCC_WARN_ABOUT_RETURN_TYPE = YES_ERROR;
				GCC_WARN_UNDECLARED_SELECTOR = YES;
				GCC_WARN_UNINITIALIZED_AUTOS = YES_AGGRESSIVE;
				GCC_WARN_UNUSED_FUNCTION = YES;
				GCC_WARN_UNUSED_VARIABLE = YES;
				IPHONEOS_DEPLOYMENT_TARGET = 18.0;
				LOCALIZATION_PREFERS_STRING_CATALOGS = YES;
				MTL_ENABLE_DEBUG_INFO = NO;
				MTL_FAST_MATH = YES;
				SDKROOT = iphoneos;
				SWIFT_COMPILATION_MODE = wholemodule;
				VALIDATE_PRODUCT = YES;
			};
			name = Release;
		};
		DFE18E792F8052650025D5B2 /* Debug */ = {
			isa = XCBuildConfiguration;
			buildSettings = {
				ASSETCATALOG_COMPILER_APPICON_NAME = AppIcon;
				ASSETCATALOG_COMPILER_GLOBAL_ACCENT_COLOR_NAME = AccentColor;
				CODE_SIGN_ENTITLEMENTS = Lyka/Lyka.entitlements;
				CODE_SIGN_STYLE = Automatic;
				CURRENT_PROJECT_VERSION = 1;
				DEVELOPMENT_ASSET_PATHS = "\"Lyka/Preview Content\"";
				DEVELOPMENT_TEAM = 4Y6MWV9B36;
				ENABLE_PREVIEWS = YES;
				GENERATE_INFOPLIST_FILE = NO;
				INFOPLIST_FILE = Info.plist;
				LD_RUNPATH_SEARCH_PATHS = (
					"$(inherited)",
					"@executable_path/Frameworks",
				);
				MARKETING_VERSION = 1.0;
				PRODUCT_BUNDLE_IDENTIFIER = com.corevo.ColeiraPet;
				PRODUCT_NAME = "$(TARGET_NAME)";
				SWIFT_EMIT_LOC_STRINGS = YES;
				SWIFT_VERSION = 5.0;
				TARGETED_DEVICE_FAMILY = "1,2";
			};
			name = Debug;
		};
		DFE18E7A2F8052650025D5B2 /* Release */ = {
			isa = XCBuildConfiguration;
			buildSettings = {
				ASSETCATALOG_COMPILER_APPICON_NAME = AppIcon;
				ASSETCATALOG_COMPILER_GLOBAL_ACCENT_COLOR_NAME = AccentColor;
				CODE_SIGN_ENTITLEMENTS = Lyka/Lyka.entitlements;
				CODE_SIGN_STYLE = Automatic;
				CURRENT_PROJECT_VERSION = 1;
				DEVELOPMENT_ASSET_PATHS = "\"Lyka/Preview Content\"";
				DEVELOPMENT_TEAM = 4Y6MWV9B36;
				ENABLE_PREVIEWS = YES;
				GENERATE_INFOPLIST_FILE = NO;
				INFOPLIST_FILE = Info.plist;
				LD_RUNPATH_SEARCH_PATHS = (
					"$(inherited)",
					"@executable_path/Frameworks",
				);
				MARKETING_VERSION = 1.0;
				PRODUCT_BUNDLE_IDENTIFIER = com.corevo.ColeiraPet;
				PRODUCT_NAME = "$(TARGET_NAME)";
				SWIFT_EMIT_LOC_STRINGS = YES;
				SWIFT_VERSION = 5.0;
				TARGETED_DEVICE_FAMILY = "1,2";
			};
			name = Release;
		};
		DFE18E7C2F8052650025D5B2 /* Debug */ = {
			isa = XCBuildConfiguration;
			buildSettings = {
				BUNDLE_LOADER = "$(TEST_HOST)";
				CODE_SIGN_STYLE = Automatic;
				CURRENT_PROJECT_VERSION = 1;
				DEVELOPMENT_TEAM = 4Y6MWV9B36;
				GENERATE_INFOPLIST_FILE = YES;
				IPHONEOS_DEPLOYMENT_TARGET = 18.0;
				MARKETING_VERSION = 1.0;
				PRODUCT_BUNDLE_IDENTIFIER = com.corevo.ColeiraPetTests;
				PRODUCT_NAME = "$(TARGET_NAME)";
				SWIFT_EMIT_LOC_STRINGS = NO;
				SWIFT_VERSION = 5.0;
				TARGETED_DEVICE_FAMILY = "1,2";
				TEST_HOST = "$(BUILT_PRODUCTS_DIR)/Lyka.app/$(BUNDLE_EXECUTABLE_FOLDER_PATH)/Lyka";
			};
			name = Debug;
		};
		DFE18E7D2F8052650025D5B2 /* Release */ = {
			isa = XCBuildConfiguration;
			buildSettings = {
				BUNDLE_LOADER = "$(TEST_HOST)";
				CODE_SIGN_STYLE = Automatic;
				CURRENT_PROJECT_VERSION = 1;
				DEVELOPMENT_TEAM = 4Y6MWV9B36;
				GENERATE_INFOPLIST_FILE = YES;
				IPHONEOS_DEPLOYMENT_TARGET = 18.0;
				MARKETING_VERSION = 1.0;
				PRODUCT_BUNDLE_IDENTIFIER = com.corevo.ColeiraPetTests;
				PRODUCT_NAME = "$(TARGET_NAME)";
				SWIFT_EMIT_LOC_STRINGS = NO;
				SWIFT_VERSION = 5.0;
				TARGETED_DEVICE_FAMILY = "1,2";
				TEST_HOST = "$(BUILT_PRODUCTS_DIR)/Lyka.app/$(BUNDLE_EXECUTABLE_FOLDER_PATH)/Lyka";
			};
			name = Release;
		};
		DFE18E7F2F8052650025D5B2 /* Debug */ = {
			isa = XCBuildConfiguration;
			buildSettings = {
				CODE_SIGN_STYLE = Automatic;
				CURRENT_PROJECT_VERSION = 1;
				DEVELOPMENT_TEAM = 4Y6MWV9B36;
				GENERATE_INFOPLIST_FILE = YES;
				MARKETING_VERSION = 1.0;
				PRODUCT_BUNDLE_IDENTIFIER = com.corevo.ColeiraPetUITests;
				PRODUCT_NAME = "$(TARGET_NAME)";
				SWIFT_EMIT_LOC_STRINGS = NO;
				SWIFT_VERSION = 5.0;
				TARGETED_DEVICE_FAMILY = "1,2";
				TEST_TARGET_NAME = Lyka;
			};
			name = Debug;
		};
		DFE18E802F8052650025D5B2 /* Release */ = {
			isa = XCBuildConfiguration;
			buildSettings = {
				CODE_SIGN_STYLE = Automatic;
				CURRENT_PROJECT_VERSION = 1;
				DEVELOPMENT_TEAM = 4Y6MWV9B36;
				GENERATE_INFOPLIST_FILE = YES;
				MARKETING_VERSION = 1.0;
				PRODUCT_BUNDLE_IDENTIFIER = com.corevo.ColeiraPetUITests;
				PRODUCT_NAME = "$(TARGET_NAME)";
				SWIFT_EMIT_LOC_STRINGS = NO;
				SWIFT_VERSION = 5.0;
				TARGETED_DEVICE_FAMILY = "1,2";
				TEST_TARGET_NAME = Lyka;
			};
			name = Release;
		};
/* End XCBuildConfiguration section */

/* Begin XCConfigurationList section */
		DFE18E4F2F80525D0025D5B2 /* Build configuration list for PBXProject "Lyka" */ = {
			isa = XCConfigurationList;
			buildConfigurations = (
				DFE18E762F8052650025D5B2 /* Debug */,
				DFE18E772F8052650025D5B2 /* Release */,
			);
			defaultConfigurationIsVisible = 0;
			defaultConfigurationName = Release;
		};
		DFE18E782F8052650025D5B2 /* Build configuration list for PBXNativeTarget "Lyka" */ = {
			isa = XCConfigurationList;
			buildConfigurations = (
				DFE18E792F8052650025D5B2 /* Debug */,
				DFE18E7A2F8052650025D5B2 /* Release */,
			);
			defaultConfigurationIsVisible = 0;
			defaultConfigurationName = Release;
		};
		DFE18E7B2F8052650025D5B2 /* Build configuration list for PBXNativeTarget "LykaTests" */ = {
			isa = XCConfigurationList;
			buildConfigurations = (
				DFE18E7C2F8052650025D5B2 /* Debug */,
				DFE18E7D2F8052650025D5B2 /* Release */,
			);
			defaultConfigurationIsVisible = 0;
			defaultConfigurationName = Release;
		};
		DFE18E7E2F8052650025D5B2 /* Build configuration list for PBXNativeTarget "LykaUITests" */ = {
			isa = XCConfigurationList;
			buildConfigurations = (
				DFE18E7F2F8052650025D5B2 /* Debug */,
				DFE18E802F8052650025D5B2 /* Release */,
			);
			defaultConfigurationIsVisible = 0;
			defaultConfigurationName = Release;
		};
/* End XCConfigurationList section */

/* Begin XCRemoteSwiftPackageReference section */
		A1B2C3D42F8052650025D5B2 /* XCRemoteSwiftPackageReference "GoogleSignIn-iOS" */ = {
			isa = XCRemoteSwiftPackageReference;
			repositoryURL = "https://github.com/google/GoogleSignIn-iOS";
			requirement = {
				kind = upToNextMajorVersion;
				minimumVersion = 9.0.0;
			};
		};
/* End XCRemoteSwiftPackageReference section */

/* Begin XCSwiftPackageProductDependency section */
		A1B2C3D52F8052650025D5B2 /* GoogleSignIn */ = {
			isa = XCSwiftPackageProductDependency;
			package = A1B2C3D42F8052650025D5B2 /* XCRemoteSwiftPackageReference "GoogleSignIn-iOS" */;
			productName = GoogleSignIn;
		};
/* End XCSwiftPackageProductDependency section */
	};
	rootObject = DFE18E4C2F80525D0025D5B2 /* Project object */;
}
